
Microsoft Visual Studio Solution File, Format Version 12.00
# Visual Studio Version 16
VisualStudioVersion = 16.0.31129.286
MinimumVisualStudioVersion = 10.0.40219.1
Project("{FAE04EC0-301F-11D3-BF4B-00C04F79EFBC}") = "QLKS", "QLKS\QLKS.csproj", "{C01361D6-3F9B-45CC-ABBE-FA8E16E25CDD}"
EndProject
Global
	GlobalSection(SolutionConfigurationPlatforms) = preSolution
		Debug|Any CPU = Debug|Any CPU
		Release|Any CPU = Release|Any CPU
	EndGlobalSection
	GlobalSection(ProjectConfigurationPlatforms) = postSolution
		{C01361D6-3F9B-45CC-ABBE-FA8E16E25CDD}.Debug|Any CPU.ActiveCfg = Debug|Any CPU
		{C01361D6-3F9B-45CC-ABBE-FA8E16E25CDD}.Debug|Any CPU.Build.0 = Debug|Any CPU
		{C01361D6-3F9B-45CC-ABBE-FA8E16E25CDD}.Release|Any CPU.ActiveCfg = Release|Any CPU
		{C01361D6-3F9B-45CC-ABBE-FA8E16E25CDD}.Release|Any CPU.Build.0 = Release|Any CPU
	EndGlobalSection
	GlobalSection(SolutionProperties) = preSolution
		HideSolutionNode = FALSE
	EndGlobalSection
	GlobalSection(ExtensibilityGlobals) = postSolution
		SolutionGuid = {A2C2652B-3687-4AD1-9F79-D531534A3ADB}
	EndGlobalSection
EndGlobal
